// !$*UTF8*$!
{
	archiveVersion = 1;
	classes = {
	};
	objectVersion = 46;
	objects = {

/* Begin PBXBuildFile section */
		0EB30EE2ADCDB915A093B9DF /* libPods-RecordUtilExample.a in Frameworks */ = {isa = PBXBuildFile; fileRef = A87A36226DBF398AB8124558 /* libPods-RecordUtilExample.a */; };
		57BCF4181EEFD78200E3E18A /* main.m in Sources */ = {isa = PBXBuildFile; fileRef = 57BCF4171EEFD78200E3E18A /* main.m */; };
		57BCF41B1EEFD78200E3E18A /* AppDelegate.m in Sources */ = {isa = PBXBuildFile; fileRef = 57BCF41A1EEFD78200E3E18A /* AppDelegate.m */; };
		57BCF41E1EEFD78200E3E18A /* ViewController.m in Sources */ = {isa = PBXBuildFile; fileRef = 57BCF41D1EEFD78200E3E18A /* ViewController.m */; };
		57BCF4211EEFD78200E3E18A /* Main.storyboard in Resources */ = {isa = PBXBuildFile; fileRef = 57BCF41F1EEFD78200E3E18A /* Main.storyboard */; };
		57BCF4231EEFD78200E3E18A /* Assets.xcassets in Resources */ = {isa = PBXBuildFile; fileRef = 57BCF4221EEFD78200E3E18A /* Assets.xcassets */; };
		57BCF4261EEFD78200E3E18A /* LaunchScreen.storyboard in Resources */ = {isa = PBXBuildFile; fileRef = 57BCF4241EEFD78200E3E18A /* LaunchScreen.storyboard */; };
		57BCF42F1EEFE1E900E3E18A /* RecordUtil.m in Sources */ = {isa = PBXBuildFile; fileRef = 57BCF42E1EEFE1E900E3E18A /* RecordUtil.m */; };
/* End PBXBuildFile section */

/* Begin PBXFileReference section */
		57BCF4131EEFD78200E3E18A /* RecordUtilExample.app */ = {isa = PBXFileReference; explicitFileType = wrapper.application; includeInIndex = 0; path = RecordUtilExample.app; sourceTree = BUILT_PRODUCTS_DIR; };
		57BCF4171EEFD78200E3E18A /* main.m */ = {isa = PBXFileReference; lastKnownFileType = sourcecode.c.objc; path = main.m; sourceTree = "<group>"; };
		57BCF4191EEFD78200E3E18A /* AppDelegate.h */ = {isa = PBXFileReference; lastKnownFileType = sourcecode.c.h; path = AppDelegate.h; sourceTree = "<group>"; };
		57BCF41A1EEFD78200E3E18A /* AppDelegate.m */ = {isa = PBXFileReference; lastKnownFileType = sourcecode.c.objc; path = AppDelegate.m; sourceTree = "<group>"; };
		57BCF41C1EEFD78200E3E18A /* ViewController.h */ = {isa = PBXFileReference; lastKnownFileType = sourcecode.c.h; path = ViewController.h; sourceTree = "<group>"; };
		57BCF41D1EEFD78200E3E18A /* ViewController.m */ = {isa = PBXFileReference; lastKnownFileType = sourcecode.c.objc; path = ViewController.m; sourceTree = "<group>"; };
		57BCF4201EEFD78200E3E18A /* Base */ = {isa = PBXFileReference; lastKnownFileType = file.storyboard; name = Base; path = Base.lproj/Main.storyboard; sourceTree = "<group>"; };
		57BCF4221EEFD78200E3E18A /* Assets.xcassets */ = {isa = PBXFileReference; lastKnownFileType = folder.assetcatalog; path = Assets.xcassets; sourceTree = "<group>"; };
		57BCF4251EEFD78200E3E18A /* Base */ = {isa = PBXFileReference; lastKnownFileType = file.storyboard; name = Base; path = Base.lproj/LaunchScreen.storyboard; sourceTree = "<group>"; };
		57BCF4271EEFD78200E3E18A /* Info.plist */ = {isa = PBXFileReference; lastKnownFileType = text.plist.xml; path = Info.plist; sourceTree = "<group>"; };
		57BCF42D1EEFE1E900E3E18A /* RecordUtil.h */ = {isa = PBXFileReference; fileEncoding = 4; lastKnownFileType = sourcecode.c.h; path = RecordUtil.h; sourceTree = "<group>"; };
		57BCF42E1EEFE1E900E3E18A /* RecordUtil.m */ = {isa = PBXFileReference; fileEncoding = 4; lastKnownFileType = sourcecode.c.objc; path = RecordUtil.m; sourceTree = "<group>"; };
		A87A36226DBF398AB8124558 /* libPods-RecordUtilExample.a */ = {isa = PBXFileReference; explicitFileType = archive.ar; includeInIndex = 0; path = "libPods-RecordUtilExample.a"; sourceTree = BUILT_PRODUCTS_DIR; };
		AB8DE6C3873A2D86E088AD3E /* Pods-RecordUtilExample.debug.xcconfig */ = {isa = PBXFileReference; includeInIndex = 1; lastKnownFileType = text.xcconfig; name = "Pods-RecordUtilExample.debug.xcconfig"; path = "Pods/Target Support Files/Pods-RecordUtilExample/Pods-RecordUtilExample.debug.xcconfig"; sourceTree = "<group>"; };
		D4283E9B20C53909BDF85DA1 /* Pods-RecordUtilExample.release.xcconfig */ = {isa = PBXFileReference; includeInIndex = 1; lastKnownFileType = text.xcconfig; name = "Pods-RecordUtilExample.release.xcconfig"; path = "Pods/Target Support Files/Pods-RecordUtilExample/Pods-RecordUtilExample.release.xcconfig"; sourceTree = "<group>"; };
/* End PBXFileReference section */

/* Begin PBXFrameworksBuildPhase section */
		57BCF4101EEFD78200E3E18A /* Frameworks */ = {
			isa = PBXFrameworksBuildPhase;
			buildActionMask = 2147483647;
			files = (
				0EB30EE2ADCDB915A093B9DF /* libPods-RecordUtilExample.a in Frameworks */,
			);
			runOnlyForDeploymentPostprocessing = 0;
		};
/* End PBXFrameworksBuildPhase section */

/* Begin PBXGroup section */
		1267F554B311FB0E3268A71E /* Pods */ = {
			isa = PBXGroup;
			children = (
				AB8DE6C3873A2D86E088AD3E /* Pods-RecordUtilExample.debug.xcconfig */,
				D4283E9B20C53909BDF85DA1 /* Pods-RecordUtilExample.release.xcconfig */,
			);
			name = Pods;
			sourceTree = "<group>";
		};
		57BCF40A1EEFD78100E3E18A = {
			isa = PBXGroup;
			children = (
				57BCF4151EEFD78200E3E18A /* RecordUtilExample */,
				57BCF4141EEFD78200E3E18A /* Products */,
				1267F554B311FB0E3268A71E /* Pods */,
				B13A3302044B7D421042E0A7 /* Frameworks */,
			);
			sourceTree = "<group>";
		};
		57BCF4141EEFD78200E3E18A /* Products */ = {
			isa = PBXGroup;
			children = (
				57BCF4131EEFD78200E3E18A /* RecordUtilExample.app */,
			);
			name = Products;
			sourceTree = "<group>";
		};
		57BCF4151EEFD78200E3E18A /* RecordUtilExample */ = {
			isa = PBXGroup;
			children = (
				57BCF4191EEFD78200E3E18A /* AppDelegate.h */,
				57BCF41A1EEFD78200E3E18A /* AppDelegate.m */,
				57BCF41C1EEFD78200E3E18A /* ViewController.h */,
				57BCF41D1EEFD78200E3E18A /* ViewController.m */,
				57BCF42D1EEFE1E900E3E18A /* RecordUtil.h */,
				57BCF42E1EEFE1E900E3E18A /* RecordUtil.m */,
				57BCF41F1EEFD78200E3E18A /* Main.storyboard */,
				57BCF4221EEFD78200E3E18A /* Assets.xcassets */,
				57BCF4241EEFD78200E3E18A /* LaunchScreen.storyboard */,
				57BCF4271EEFD78200E3E18A /* Info.plist */,
				57BCF4161EEFD78200E3E18A /* Supporting Files */,
			);
			path = RecordUtilExample;
			sourceTree = "<group>";
		};
		57BCF4161EEFD78200E3E18A /* Supporting Files */ = {
			isa = PBXGroup;
			children = (
				57BCF4171EEFD78200E3E18A /* main.m */,
			);
			name = "Supporting Files";
			sourceTree = "<group>";
		};
		B13A3302044B7D421042E0A7 /* Frameworks */ = {
			isa = PBXGroup;
			children = (
				A87A36226DBF398AB8124558 /* libPods-RecordUtilExample.a */,
			);
			name = Frameworks;
			sourceTree = "<group>";
		};
/* End PBXGroup section */

/* Begin PBXNativeTarget section */
		57BCF4121EEFD78200E3E18A /* RecordUtilExample */ = {
			isa = PBXNativeTarget;
			buildConfigurationList = 57BCF42A1EEFD78200E3E18A /* Build configuration list for PBXNativeTarget "RecordUtilExample" */;
			buildPhases = (
				5AEEBE572F46E000F6FBC294 /* [CP] Check Pods Manifest.lock */,
				57BCF40F1EEFD78200E3E18A /* Sources */,
				57BCF4101EEFD78200E3E18A /* Frameworks */,
				57BCF4111EEFD78200E3E18A /* Resources */,
				5D7F6D56170C4346282E165E /* [CP] Embed Pods Frameworks */,
				837AE98DAE204BCBD48CB68A /* [CP] Copy Pods Resources */,
			);
			buildRules = (
			);
			dependencies = (
			);
			name = RecordUtilExample;
			productName = RecordUtilExample;
			productReference = 57BCF4131EEFD78200E3E18A /* RecordUtilExample.app */;
			productType = "com.apple.product-type.application";
		};
/* End PBXNativeTarget section */

/* Begin PBXProject section */
		57BCF40B1EEFD78100E3E18A /* Project object */ = {
			isa = PBXProject;
			attributes = {
				LastUpgradeCheck = 0830;
				ORGANIZATIONNAME = Pluto;
				TargetAttributes = {
					57BCF4121EEFD78200E3E18A = {
						CreatedOnToolsVersion = 8.3.2;
						ProvisioningStyle = Automatic;
					};
				};
			};
			buildConfigurationList = 57BCF40E1EEFD78100E3E18A /* Build configuration list for PBXProject "RecordUtilExample" */;
			compatibilityVersion = "Xcode 3.2";
			developmentRegion = English;
			hasScannedForEncodings = 0;
			knownRegions = (
				en,
				Base,
			);
			mainGroup = 57BCF40A1EEFD78100E3E18A;
			productRefGroup = 57BCF4141EEFD78200E3E18A /* Products */;
			projectDirPath = "";
			projectRoot = "";
			targets = (
				57BCF4121EEFD78200E3E18A /* RecordUtilExample */,
			);
		};
/* End PBXProject section */

/* Begin PBXResourcesBuildPhase section */
		57BCF4111EEFD78200E3E18A /* Resources */ = {
			isa = PBXResourcesBuildPhase;
			buildActionMask = 2147483647;
			files = (
				57BCF4261EEFD78200E3E18A /* LaunchScreen.storyboard in Resources */,
				57BCF4231EEFD78200E3E18A /* Assets.xcassets in Resources */,
				57BCF4211EEFD78200E3E18A /* Main.storyboard in Resources */,
			);
			runOnlyForDeploymentPostprocessing = 0;
		};
/* End PBXResourcesBuildPhase section */

/* Begin PBXShellScriptBuildPhase section */
		5AEEBE572F46E000F6FBC294 /* [CP] Check Pods Manifest.lock */ = {
			isa = PBXShellScriptBuildPhase;
			buildActionMask = 2147483647;
			files = (
			);
			inputPaths = (
			);
			name = "[CP] Check Pods Manifest.lock";
			outputPaths = (
			);
			runOnlyForDeploymentPostprocessing = 0;
			shellPath = /bin/sh;
			shellScript = "diff \"${PODS_ROOT}/../Podfile.lock\" \"${PODS_ROOT}/Manifest.lock\" > /dev/null\nif [ $? != 0 ] ; then\n    # print error to STDERR\n    echo \"error: The sandbox is not in sync with the Podfile.lock. Run 'pod install' or update your CocoaPods installation.\" >&2\n    exit 1\nfi\n";
			showEnvVarsInLog = 0;
		};
		5D7F6D56170C4346282E165E /* [CP] Embed Pods Frameworks */ = {
			isa = PBXShellScriptBuildPhase;
			buildActionMask = 2147483647;
			files = (
			);
			inputPaths = (
			);
			name = "[CP] Embed Pods Frameworks";
			outputPaths = (
			);
			runOnlyForDeploymentPostprocessing = 0;
			shellPath = /bin/sh;
			shellScript = "\"${SRCROOT}/Pods/Target Support Files/Pods-RecordUtilExample/Pods-RecordUtilExample-frameworks.sh\"\n";
			showEnvVarsInLog = 0;
		};
		837AE98DAE204BCBD48CB68A /* [CP] Copy Pods Resources */ = {
			isa = PBXShellScriptBuildPhase;
			buildActionMask = 2147483647;
			files = (
			);
			inputPaths = (
			);
			name = "[CP] Copy Pods Resources";
			outputPaths = (
			);
			runOnlyForDeploymentPostprocessing = 0;
			shellPath = /bin/sh;
			shellScript = "\"${SRCROOT}/Pods/Target Support Files/Pods-RecordUtilExample/Pods-RecordUtilExample-resources.sh\"\n";
			showEnvVarsInLog = 0;
		};
/* End PBXShellScriptBuildPhase section */

/* Begin PBXSourcesBuildPhase section */
		57BCF40F1EEFD78200E3E18A /* Sources */ = {
			isa = PBXSourcesBuildPhase;
			buildActionMask = 2147483647;
			files = (
				57BCF42F1EEFE1E900E3E18A /* RecordUtil.m in Sources */,
				57BCF41E1EEFD78200E3E18A /* ViewController.m in Sources */,
				57BCF41B1EEFD78200E3E18A /* AppDelegate.m in Sources */,
				57BCF4181EEFD78200E3E18A /* main.m in Sources */,
			);
			runOnlyForDeploymentPostprocessing = 0;
		};
/* End PBXSourcesBuildPhase section */

/* Begin PBXVariantGroup section */
		57BCF41F1EEFD78200E3E18A /* Main.storyboard */ = {
			isa = PBXVariantGroup;
			children = (
				57BCF4201EEFD78200E3E18A /* Base */,
			);
			name = Main.storyboard;
			sourceTree = "<group>";
		};
		57BCF4241EEFD78200E3E18A /* LaunchScreen.storyboard */ = {
			isa = PBXVariantGroup;
			children = (
				57BCF4251EEFD78200E3E18A /* Base */,
			);
			name = LaunchScreen.storyboard;
			sourceTree = "<group>";
		};
/* End PBXVariantGroup section */

/* Begin XCBuildConfiguration section */
		57BCF4281EEFD78200E3E18A /* Debug */ = {
			isa = XCBuildConfiguration;
			buildSettings = {
				ALWAYS_SEARCH_USER_PATHS = NO;
				CLANG_ANALYZER_NONNULL = YES;
				CLANG_ANALYZER_NUMBER_OBJECT_CONVERSION = YES_AGGRESSIVE;
				CLANG_CXX_LANGUAGE_STANDARD = "gnu++0x";
				CLANG_CXX_LIBRARY = "libc++";
				CLANG_ENABLE_MODULES = YES;
				CLANG_ENABLE_OBJC_ARC = YES;
				CLANG_WARN_BOOL_CONVERSION = YES;
				CLANG_WARN_CONSTANT_CONVERSION = YES;
				CLANG_WARN_DIRECT_OBJC_ISA_USAGE = YES_ERROR;
				CLANG_WARN_DOCUMENTATION_COMMENTS = YES;
				CLANG_WARN_EMPTY_BODY = YES;
				CLANG_WARN_ENUM_CONVERSION = YES;
				CLANG_WARN_INFINITE_RECURSION = YES;
				CLANG_WARN_INT_CONVERSION = YES;
				CLANG_WARN_OBJC_ROOT_CLASS = YES_ERROR;
				CLANG_WARN_SUSPICIOUS_MOVE = YES;
				CLANG_WARN_UNREACHABLE_CODE = YES;
				CLANG_WARN__DUPLICATE_METHOD_MATCH = YES;
				"CODE_SIGN_IDENTITY[sdk=iphoneos*]" = "iPhone Developer";
				COPY_PHASE_STRIP = NO;
				DEBUG_INFORMATION_FORMAT = dwarf;
				ENABLE_STRICT_OBJC_MSGSEND = YES;
				ENABLE_TESTABILITY = YES;
				GCC_C_LANGUAGE_STANDARD = gnu99;
				GCC_DYNAMIC_NO_PIC = NO;
				GCC_NO_COMMON_BLOCKS = YES;
				GCC_OPTIMIZATION_LEVEL = 0;
				GCC_PREPROCESSOR_DEFINITIONS = (
					"DEBUG=1",
					"$(inherited)",
				);
				GCC_WARN_64_TO_32_BIT_CONVERSION = YES;
				GCC_WARN_ABOUT_RETURN_TYPE = YES_ERROR;
				GCC_WARN_UNDECLARED_SELECTOR = YES;
				GCC_WARN_UNINITIALIZED_AUTOS = YES_AGGRESSIVE;
				GCC_WARN_UNUSED_FUNCTION = YES;
				GCC_WARN_UNUSED_VARIABLE = YES;
				IPHONEOS_DEPLOYMENT_TARGET = 10.3;
				MTL_ENABLE_DEBUG_INFO = YES;
				ONLY_ACTIVE_ARCH = YES;
				SDKROOT = iphoneos;
			};
			name = Debug;
		};
		57BCF4291EEFD78200E3E18A /* Release */ = {
			isa = XCBuildConfiguration;
			buildSettings = {
				ALWAYS_SEARCH_USER_PATHS = NO;
				CLANG_ANALYZER_NONNULL = YES;
				CLANG_ANALYZER_NUMBER_OBJECT_CONVERSION = YES_AGGRESSIVE;
				CLANG_CXX_LANGUAGE_STANDARD = "gnu++0x";
				CLANG_CXX_LIBRARY = "libc++";
				CLANG_ENABLE_MODULES = YES;
				CLANG_ENABLE_OBJC_ARC = YES;
				CLANG_WARN_BOOL_CONVERSION = YES;
				CLANG_WARN_CONSTANT_CONVERSION = YES;
				CLANG_WARN_DIRECT_OBJC_ISA_USAGE = YES_ERROR;
				CLANG_WARN_DOCUMENTATION_COMMENTS = YES;
				CLANG_WARN_EMPTY_BODY = YES;
				CLANG_WARN_ENUM_CONVERSION = YES;
				CLANG_WARN_INFINITE_RECURSION = YES;
				CLANG_WARN_INT_CONVERSION = YES;
				CLANG_WARN_OBJC_ROOT_CLASS = YES_ERROR;
				CLANG_WARN_SUSPICIOUS_MOVE = YES;
				CLANG_WARN_UNREACHABLE_CODE = YES;
				CLANG_WARN__DUPLICATE_METHOD_MATCH = YES;
				"CODE_SIGN_IDENTITY[sdk=iphoneos*]" = "iPhone Developer";
				COPY_PHASE_STRIP = NO;
				DEBUG_INFORMATION_FORMAT = "dwarf-with-dsym";
				ENABLE_NS_ASSERTIONS = NO;
				ENABLE_STRICT_OBJC_MSGSEND = YES;
				GCC_C_LANGUAGE_STANDARD = gnu99;
				GCC_NO_COMMON_BLOCKS = YES;
				GCC_WARN_64_TO_32_BIT_CONVERSION = YES;
				GCC_WARN_ABOUT_RETURN_TYPE = YES_ERROR;
				GCC_WARN_UNDECLARED_SELECTOR = YES;
				GCC_WARN_UNINITIALIZED_AUTOS = YES_AGGRESSIVE;
				GCC_WARN_UNUSED_FUNCTION = YES;
				GCC_WARN_UNUSED_VARIABLE = YES;
				IPHONEOS_DEPLOYMENT_TARGET = 10.3;
				MTL_ENABLE_DEBUG_INFO = NO;
				SDKROOT = iphoneos;
				VALIDATE_PRODUCT = YES;
			};
			name = Release;
		};
		57BCF42B1EEFD78200E3E18A /* Debug */ = {
			isa = XCBuildConfiguration;
			baseConfigurationReference = AB8DE6C3873A2D86E088AD3E /* Pods-RecordUtilExample.debug.xcconfig */;
			buildSettings = {
				ASSETCATALOG_COMPILER_APPICON_NAME = AppIcon;
				INFOPLIST_FILE = RecordUtilExample/Info.plist;
				IPHONEOS_DEPLOYMENT_TARGET = 8.0;
				LD_RUNPATH_SEARCH_PATHS = "$(inherited) @executable_path/Frameworks";
				PRODUCT_BUNDLE_IDENTIFIER = cn.com.Pluto.RecordUtilExample;
				PRODUCT_NAME = "$(TARGET_NAME)";
			};
			name = Debug;
		};
		57BCF42C1EEFD78200E3E18A /* Release */ = {
			isa = XCBuildConfiguration;
			baseConfigurationReference = D4283E9B20C53909BDF85DA1 /* Pods-RecordUtilExample.release.xcconfig */;
			buildSettings = {
				ASSETCATALOG_COMPILER_APPICON_NAME = AppIcon;
				INFOPLIST_FILE = RecordUtilExample/Info.plist;
				IPHONEOS_DEPLOYMENT_TARGET = 8.0;
				LD_RUNPATH_SEARCH_PATHS = "$(inherited) @executable_path/Frameworks";
				PRODUCT_BUNDLE_IDENTIFIER = cn.com.Pluto.RecordUtilExample;
				PRODUCT_NAME = "$(TARGET_NAME)";
			};
			name = Release;
		};
/* End XCBuildConfiguration section */

/* Begin XCConfigurationList section */
		57BCF40E1EEFD78100E3E18A /* Build configuration list for PBXProject "RecordUtilExample" */ = {
			isa = XCConfigurationList;
			buildConfigurations = (
				57BCF4281EEFD78200E3E18A /* Debug */,
				57BCF4291EEFD78200E3E18A /* Release */,
			);
			defaultConfigurationIsVisible = 0;
			defaultConfigurationName = Release;
		};
		57BCF42A1EEFD78200E3E18A /* Build configuration list for PBXNativeTarget "RecordUtilExample" */ = {
			isa = XCConfigurationList;
			buildConfigurations = (
				57BCF42B1EEFD78200E3E18A /* Debug */,
				57BCF42C1EEFD78200E3E18A /* Release */,
			);
			defaultConfigurationIsVisible = 0;
			defaultConfigurationName = Release;
		};
/* End XCConfigurationList section */
	};
	rootObject = 57BCF40B1EEFD78100E3E18A /* Project object */;
}
